// !$*UTF8*$!
{
	archiveVersion = 1;
	classes = {
	};
	objectVersion = 46;
	objects = {

/* Begin PBXBuildFile section */
		C309AF5B18039E7A0034558F /* Foundation.framework in Frameworks */ = {isa = PBXBuildFile; fileRef = C309AF5A18039E7A0034558F /* Foundation.framework */; };
		C309AF5D18039E7A0034558F /* CoreGraphics.framework in Frameworks */ = {isa = PBXBuildFile; fileRef = C309AF5C18039E7A0034558F /* CoreGraphics.framework */; };
		C309AF5F18039E7A0034558F /* UIKit.framework in Frameworks */ = {isa = PBXBuildFile; fileRef = C309AF5E18039E7A0034558F /* UIKit.framework */; };
		C309AF6518039E7A0034558F /* InfoPlist.strings in Resources */ = {isa = PBXBuildFile; fileRef = C309AF6318039E7A0034558F /* InfoPlist.strings */; };
		C309AF6718039E7A0034558F /* main.m in Sources */ = {isa = PBXBuildFile; fileRef = C309AF6618039E7A0034558F /* main.m */; };
		C309AF6B18039E7A0034558F /* GJBAppDelegate.m in Sources */ = {isa = PBXBuildFile; fileRef = C309AF6A18039E7A0034558F /* GJBAppDelegate.m */; };
		C309AF6D18039E7A0034558F /* Images.xcassets in Resources */ = {isa = PBXBuildFile; fileRef = C309AF6C18039E7A0034558F /* Images.xcassets */; };
		C309AF7418039E7A0034558F /* XCTest.framework in Frameworks */ = {isa = PBXBuildFile; fileRef = C309AF7318039E7A0034558F /* XCTest.framework */; };
		C309AF7518039E7A0034558F /* Foundation.framework in Frameworks */ = {isa = PBXBuildFile; fileRef = C309AF5A18039E7A0034558F /* Foundation.framework */; };
		C309AF7618039E7A0034558F /* UIKit.framework in Frameworks */ = {isa = PBXBuildFile; fileRef = C309AF5E18039E7A0034558F /* UIKit.framework */; };
		C309AF7E18039E7A0034558F /* InfoPlist.strings in Resources */ = {isa = PBXBuildFile; fileRef = C309AF7C18039E7A0034558F /* InfoPlist.strings */; };
		C309AF8018039E7A0034558F /* RouteTestTests.m in Sources */ = {isa = PBXBuildFile; fileRef = C309AF7F18039E7A0034558F /* RouteTestTests.m */; };
/* End PBXBuildFile section */

/* Begin PBXContainerItemProxy section */
		C309AF7718039E7A0034558F /* PBXContainerItemProxy */ = {
			isa = PBXContainerItemProxy;
			containerPortal = C309AF4F18039E7A0034558F /* Project object */;
			proxyType = 1;
			remoteGlobalIDString = C309AF5618039E7A0034558F;
			remoteInfo = RouteTest;
		};
/* End PBXContainerItemProxy section */

/* Begin PBXFileReference section */
		C309AF5718039E7A0034558F /* RouteTest.app */ = {isa = PBXFileReference; explicitFileType = wrapper.application; includeInIndex = 0; path = RouteTest.app; sourceTree = BUILT_PRODUCTS_DIR; };
		C309AF5A18039E7A0034558F /* Foundation.framework */ = {isa = PBXFileReference; lastKnownFileType = wrapper.framework; name = Foundation.framework; path = System/Library/Frameworks/Foundation.framework; sourceTree = SDKROOT; };
		C309AF5C18039E7A0034558F /* CoreGraphics.framework */ = {isa = PBXFileReference; lastKnownFileType = wrapper.framework; name = CoreGraphics.framework; path = System/Library/Frameworks/CoreGraphics.framework; sourceTree = SDKROOT; };
		C309AF5E18039E7A0034558F /* UIKit.framework */ = {isa = PBXFileReference; lastKnownFileType = wrapper.framework; name = UIKit.framework; path = System/Library/Frameworks/UIKit.framework; sourceTree = SDKROOT; };
		C309AF6218039E7A0034558F /* RouteTest-Info.plist */ = {isa = PBXFileReference; lastKnownFileType = text.plist.xml; path = "RouteTest-Info.plist"; sourceTree = "<group>"; };
		C309AF6418039E7A0034558F /* en */ = {isa = PBXFileReference; lastKnownFileType = text.plist.strings; name = en; path = en.lproj/InfoPlist.strings; sourceTree = "<group>"; };
		C309AF6618039E7A0034558F /* main.m */ = {isa = PBXFileReference; lastKnownFileType = sourcecode.c.objc; path = main.m; sourceTree = "<group>"; };
		C309AF6818039E7A0034558F /* RouteTest-Prefix.pch */ = {isa = PBXFileReference; lastKnownFileType = sourcecode.c.h; path = "RouteTest-Prefix.pch"; sourceTree = "<group>"; };
		C309AF6918039E7A0034558F /* GJBAppDelegate.h */ = {isa = PBXFileReference; lastKnownFileType = sourcecode.c.h; path = GJBAppDelegate.h; sourceTree = "<group>"; };
		C309AF6A18039E7A0034558F /* GJBAppDelegate.m */ = {isa = PBXFileReference; lastKnownFileType = sourcecode.c.objc; path = GJBAppDelegate.m; sourceTree = "<group>"; };
		C309AF6C18039E7A0034558F /* Images.xcassets */ = {isa = PBXFileReference; lastKnownFileType = folder.assetcatalog; path = Images.xcassets; sourceTree = "<group>"; };
		C309AF7218039E7A0034558F /* RouteTestTests.xctest */ = {isa = PBXFileReference; explicitFileType = wrapper.cfbundle; includeInIndex = 0; path = RouteTestTests.xctest; sourceTree = BUILT_PRODUCTS_DIR; };
		C309AF7318039E7A0034558F /* XCTest.framework */ = {isa = PBXFileReference; lastKnownFileType = wrapper.framework; name = XCTest.framework; path = Library/Frameworks/XCTest.framework; sourceTree = DEVELOPER_DIR; };
		C309AF7B18039E7A0034558F /* RouteTestTests-Info.plist */ = {isa = PBXFileReference; lastKnownFileType = text.plist.xml; path = "RouteTestTests-Info.plist"; sourceTree = "<group>"; };
		C309AF7D18039E7A0034558F /* en */ = {isa = PBXFileReference; lastKnownFileType = text.plist.strings; name = en; path = en.lproj/InfoPlist.strings; sourceTree = "<group>"; };
		C309AF7F18039E7A0034558F /* RouteTestTests.m */ = {isa = PBXFileReference; lastKnownFileType = sourcecode.c.objc; path = RouteTestTests.m; sourceTree = "<group>"; };
/* End PBXFileReference section */

/* Begin PBXFrameworksBuildPhase section */
		C309AF5418039E7A0034558F /* Frameworks */ = {
			isa = PBXFrameworksBuildPhase;
			buildActionMask = 2147483647;
			files = (
				C309AF5D18039E7A0034558F /* CoreGraphics.framework in Frameworks */,
				C309AF5F18039E7A0034558F /* UIKit.framework in Frameworks */,
				C309AF5B18039E7A0034558F /* Foundation.framework in Frameworks */,
			);
			runOnlyForDeploymentPostprocessing = 0;
		};
		C309AF6F18039E7A0034558F /* Frameworks */ = {
			isa = PBXFrameworksBuildPhase;
			buildActionMask = 2147483647;
			files = (
				C309AF7418039E7A0034558F /* XCTest.framework in Frameworks */,
				C309AF7618039E7A0034558F /* UIKit.framework in Frameworks */,
				C309AF7518039E7A0034558F /* Foundation.framework in Frameworks */,
			);
			runOnlyForDeploymentPostprocessing = 0;
		};
/* End PBXFrameworksBuildPhase section */

/* Begin PBXGroup section */
		C309AF4E18039E7A0034558F = {
			isa = PBXGroup;
			children = (
				C309AF6018039E7A0034558F /* RouteTest */,
				C309AF7918039E7A0034558F /* RouteTestTests */,
				C309AF5918039E7A0034558F /* Frameworks */,
				C309AF5818039E7A0034558F /* Products */,
			);
			sourceTree = "<group>";
		};
		C309AF5818039E7A0034558F /* Products */ = {
			isa = PBXGroup;
			children = (
				C309AF5718039E7A0034558F /* RouteTest.app */,
				C309AF7218039E7A0034558F /* RouteTestTests.xctest */,
			);
			name = Products;
			sourceTree = "<group>";
		};
		C309AF5918039E7A0034558F /* Frameworks */ = {
			isa = PBXGroup;
			children = (
				C309AF5A18039E7A0034558F /* Foundation.framework */,
				C309AF5C18039E7A0034558F /* CoreGraphics.framework */,
				C309AF5E18039E7A0034558F /* UIKit.framework */,
				C309AF7318039E7A0034558F /* XCTest.framework */,
			);
			name = Frameworks;
			sourceTree = "<group>";
		};
		C309AF6018039E7A0034558F /* RouteTest */ = {
			isa = PBXGroup;
			children = (
				C309AF6918039E7A0034558F /* GJBAppDelegate.h */,
				C309AF6A18039E7A0034558F /* GJBAppDelegate.m */,
				C309AF6C18039E7A0034558F /* Images.xcassets */,
				C309AF6118039E7A0034558F /* Supporting Files */,
			);
			path = RouteTest;
			sourceTree = "<group>";
		};
		C309AF6118039E7A0034558F /* Supporting Files */ = {
			isa = PBXGroup;
			children = (
				C309AF6218039E7A0034558F /* RouteTest-Info.plist */,
				C309AF6318039E7A0034558F /* InfoPlist.strings */,
				C309AF6618039E7A0034558F /* main.m */,
				C309AF6818039E7A0034558F /* RouteTest-Prefix.pch */,
			);
			name = "Supporting Files";
			sourceTree = "<group>";
		};
		C309AF7918039E7A0034558F /* RouteTestTests */ = {
			isa = PBXGroup;
			children = (
				C309AF7F18039E7A0034558F /* RouteTestTests.m */,
				C309AF7A18039E7A0034558F /* Supporting Files */,
			);
			path = RouteTestTests;
			sourceTree = "<group>";
		};
		C309AF7A18039E7A0034558F /* Supporting Files */ = {
			isa = PBXGroup;
			children = (
				C309AF7B18039E7A0034558F /* RouteTestTests-Info.plist */,
				C309AF7C18039E7A0034558F /* InfoPlist.strings */,
			);
			name = "Supporting Files";
			sourceTree = "<group>";
		};
/* End PBXGroup section */

/* Begin PBXNativeTarget section */
		C309AF5618039E7A0034558F /* RouteTest */ = {
			isa = PBXNativeTarget;
			buildConfigurationList = C309AF8318039E7A0034558F /* Build configuration list for PBXNativeTarget "RouteTest" */;
			buildPhases = (
				C309AF5318039E7A0034558F /* Sources */,
				C309AF5418039E7A0034558F /* Frameworks */,
				C309AF5518039E7A0034558F /* Resources */,
			);
			buildRules = (
			);
			dependencies = (
			);
			name = RouteTest;
			productName = RouteTest;
			productReference = C309AF5718039E7A0034558F /* RouteTest.app */;
			productType = "com.apple.product-type.application";
		};
		C309AF7118039E7A0034558F /* RouteTestTests */ = {
			isa = PBXNativeTarget;
			buildConfigurationList = C309AF8618039E7A0034558F /* Build configuration list for PBXNativeTarget "RouteTestTests" */;
			buildPhases = (
				C309AF6E18039E7A0034558F /* Sources */,
				C309AF6F18039E7A0034558F /* Frameworks */,
				C309AF7018039E7A0034558F /* Resources */,
			);
			buildRules = (
			);
			dependencies = (
				C309AF7818039E7A0034558F /* PBXTargetDependency */,
			);
			name = RouteTestTests;
			productName = RouteTestTests;
			productReference = C309AF7218039E7A0034558F /* RouteTestTests.xctest */;
			productType = "com.apple.product-type.bundle.unit-test";
		};
/* End PBXNativeTarget section */

/* Begin PBXProject section */
		C309AF4F18039E7A0034558F /* Project object */ = {
			isa = PBXProject;
			attributes = {
				CLASSPREFIX = GJB;
				LastUpgradeCheck = 0500;
				ORGANIZATIONNAME = "Grant Butler";
				TargetAttributes = {
					C309AF7118039E7A0034558F = {
						TestTargetID = C309AF5618039E7A0034558F;
					};
				};
			};
			buildConfigurationList = C309AF5218039E7A0034558F /* Build configuration list for PBXProject "RouteTest" */;
			compatibilityVersion = "Xcode 3.2";
			developmentRegion = English;
			hasScannedForEncodings = 0;
			knownRegions = (
				en,
			);
			mainGroup = C309AF4E18039E7A0034558F;
			productRefGroup = C309AF5818039E7A0034558F /* Products */;
			projectDirPath = "";
			projectRoot = "";
			targets = (
				C309AF5618039E7A0034558F /* RouteTest */,
				C309AF7118039E7A0034558F /* RouteTestTests */,
			);
		};
/* End PBXProject section */

/* Begin PBXResourcesBuildPhase section */
		C309AF5518039E7A0034558F /* Resources */ = {
			isa = PBXResourcesBuildPhase;
			buildActionMask = 2147483647;
			files = (
				C309AF6518039E7A0034558F /* InfoPlist.strings in Resources */,
				C309AF6D18039E7A0034558F /* Images.xcassets in Resources */,
			);
			runOnlyForDeploymentPostprocessing = 0;
		};
		C309AF7018039E7A0034558F /* Resources */ = {
			isa = PBXResourcesBuildPhase;
			buildActionMask = 2147483647;
			files = (
				C309AF7E18039E7A0034558F /* InfoPlist.strings in Resources */,
			);
			runOnlyForDeploymentPostprocessing = 0;
		};
/* End PBXResourcesBuildPhase section */

/* Begin PBXSourcesBuildPhase section */
		C309AF5318039E7A0034558F /* Sources */ = {
			isa = PBXSourcesBuildPhase;
			buildActionMask = 2147483647;
			files = (
				C309AF6B18039E7A0034558F /* GJBAppDelegate.m in Sources */,
				C309AF6718039E7A0034558F /* main.m in Sources */,
			);
			runOnlyForDeploymentPostprocessing = 0;
		};
		C309AF6E18039E7A0034558F /* Sources */ = {
			isa = PBXSourcesBuildPhase;
			buildActionMask = 2147483647;
			files = (
				C309AF8018039E7A0034558F /* RouteTestTests.m in Sources */,
			);
			runOnlyForDeploymentPostprocessing = 0;
		};
/* End PBXSourcesBuildPhase section */

/* Begin PBXTargetDependency section */
		C309AF7818039E7A0034558F /* PBXTargetDependency */ = {
			isa = PBXTargetDependency;
			target = C309AF5618039E7A0034558F /* RouteTest */;
			targetProxy = C309AF7718039E7A0034558F /* PBXContainerItemProxy */;
		};
/* End PBXTargetDependency section */

/* Begin PBXVariantGroup section */
		C309AF6318039E7A0034558F /* InfoPlist.strings */ = {
			isa = PBXVariantGroup;
			children = (
				C309AF6418039E7A0034558F /* en */,
			);
			name = InfoPlist.strings;
			sourceTree = "<group>";
		};
		C309AF7C18039E7A0034558F /* InfoPlist.strings */ = {
			isa = PBXVariantGroup;
			children = (
				C309AF7D18039E7A0034558F /* en */,
			);
			name = InfoPlist.strings;
			sourceTree = "<group>";
		};
/* End PBXVariantGroup section */

/* Begin XCBuildConfiguration section */
		C309AF8118039E7A0034558F /* Debug */ = {
			isa = XCBuildConfiguration;
			buildSettings = {
				ALWAYS_SEARCH_USER_PATHS = NO;
				ARCHS = "$(ARCHS_STANDARD_INCLUDING_64_BIT)";
				CLANG_CXX_LANGUAGE_STANDARD = "gnu++0x";
				CLANG_CXX_LIBRARY = "libc++";
				CLANG_ENABLE_MODULES = YES;
				CLANG_ENABLE_OBJC_ARC = YES;
				CLANG_WARN_BOOL_CONVERSION = YES;
				CLANG_WARN_CONSTANT_CONVERSION = YES;
				CLANG_WARN_DIRECT_OBJC_ISA_USAGE = YES_ERROR;
				CLANG_WARN_EMPTY_BODY = YES;
				CLANG_WARN_ENUM_CONVERSION = YES;
				CLANG_WARN_INT_CONVERSION = YES;
				CLANG_WARN_OBJC_ROOT_CLASS = YES_ERROR;
				CLANG_WARN__DUPLICATE_METHOD_MATCH = YES;
				"CODE_SIGN_IDENTITY[sdk=iphoneos*]" = "iPhone Developer";
				COPY_PHASE_STRIP = NO;
				GCC_C_LANGUAGE_STANDARD = gnu99;
				GCC_DYNAMIC_NO_PIC = NO;
				GCC_OPTIMIZATION_LEVEL = 0;
				GCC_PREPROCESSOR_DEFINITIONS = (
					"DEBUG=1",
					"$(inherited)",
				);
				GCC_SYMBOLS_PRIVATE_EXTERN = NO;
				GCC_WARN_64_TO_32_BIT_CONVERSION = YES;
				GCC_WARN_ABOUT_RETURN_TYPE = YES_ERROR;
				GCC_WARN_UNDECLARED_SELECTOR = YES;
				GCC_WARN_UNINITIALIZED_AUTOS = YES;
				GCC_WARN_UNUSED_FUNCTION = YES;
				GCC_WARN_UNUSED_VARIABLE = YES;
				IPHONEOS_DEPLOYMENT_TARGET = 7.0;
				ONLY_ACTIVE_ARCH = YES;
				SDKROOT = iphoneos;
			};
			name = Debug;
		};
		C309AF8218039E7A0034558F /* Release */ = {
			isa = XCBuildConfiguration;
			buildSettings = {
				ALWAYS_SEARCH_USER_PATHS = NO;
				ARCHS = "$(ARCHS_STANDARD_INCLUDING_64_BIT)";
				CLANG_CXX_LANGUAGE_STANDARD = "gnu++0x";
				CLANG_CXX_LIBRARY = "libc++";
				CLANG_ENABLE_MODULES = YES;
				CLANG_ENABLE_OBJC_ARC = YES;
				CLANG_WARN_BOOL_CONVERSION = YES;
				CLANG_WARN_CONSTANT_CONVERSION = YES;
				CLANG_WARN_DIRECT_OBJC_ISA_USAGE = YES_ERROR;
				CLANG_WARN_EMPTY_BODY = YES;
				CLANG_WARN_ENUM_CONVERSION = YES;
				CLANG_WARN_INT_CONVERSION = YES;
				CLANG_WARN_OBJC_ROOT_CLASS = YES_ERROR;
				CLANG_WARN__DUPLICATE_METHOD_MATCH = YES;
				"CODE_SIGN_IDENTITY[sdk=iphoneos*]" = "iPhone Developer";
				COPY_PHASE_STRIP = YES;
				ENABLE_NS_ASSERTIONS = NO;
				GCC_C_LANGUAGE_STANDARD = gnu99;
				GCC_WARN_64_TO_32_BIT_CONVERSION = YES;
				GCC_WARN_ABOUT_RETURN_TYPE = YES_ERROR;
				GCC_WARN_UNDECLARED_SELECTOR = YES;
				GCC_WARN_UNINITIALIZED_AUTOS = YES;
				GCC_WARN_UNUSED_FUNCTION = YES;
				GCC_WARN_UNUSED_VARIABLE = YES;
				IPHONEOS_DEPLOYMENT_TARGET = 7.0;
				SDKROOT = iphoneos;
				VALIDATE_PRODUCT = YES;
			};
			name = Release;
		};
		C309AF8418039E7A0034558F /* Debug */ = {
			isa = XCBuildConfiguration;
			buildSettings = {
				ASSETCATALOG_COMPILER_APPICON_NAME = AppIcon;
				ASSETCATALOG_COMPILER_LAUNCHIMAGE_NAME = LaunchImage;
				GCC_PRECOMPILE_PREFIX_HEADER = YES;
				GCC_PREFIX_HEADER = "RouteTest/RouteTest-Prefix.pch";
				INFOPLIST_FILE = "RouteTest/RouteTest-Info.plist";
				PRODUCT_NAME = "$(TARGET_NAME)";
				WRAPPER_EXTENSION = app;
			};
			name = Debug;
		};
		C309AF8518039E7A0034558F /* Release */ = {
			isa = XCBuildConfiguration;
			buildSettings = {
				ASSETCATALOG_COMPILER_APPICON_NAME = AppIcon;
				ASSETCATALOG_COMPILER_LAUNCHIMAGE_NAME = LaunchImage;
				GCC_PRECOMPILE_PREFIX_HEADER = YES;
				GCC_PREFIX_HEADER = "RouteTest/RouteTest-Prefix.pch";
				INFOPLIST_FILE = "RouteTest/RouteTest-Info.plist";
				PRODUCT_NAME = "$(TARGET_NAME)";
				WRAPPER_EXTENSION = app;
			};
			name = Release;
		};
		C309AF8718039E7A0034558F /* Debug */ = {
			isa = XCBuildConfiguration;
			buildSettings = {
				ARCHS = "$(ARCHS_STANDARD_INCLUDING_64_BIT)";
				BUNDLE_LOADER = "$(BUILT_PRODUCTS_DIR)/RouteTest.app/RouteTest";
				FRAMEWORK_SEARCH_PATHS = (
					"$(SDKROOT)/Developer/Library/Frameworks",
					"$(inherited)",
					"$(DEVELOPER_FRAMEWORKS_DIR)",
				);
				GCC_PRECOMPILE_PREFIX_HEADER = YES;
				GCC_PREFIX_HEADER = "RouteTest/RouteTest-Prefix.pch";
				GCC_PREPROCESSOR_DEFINITIONS = (
					"DEBUG=1",
					"$(inherited)",
				);
				INFOPLIST_FILE = "RouteTestTests/RouteTestTests-Info.plist";
				PRODUCT_NAME = "$(TARGET_NAME)";
				TEST_HOST = "$(BUNDLE_LOADER)";
				WRAPPER_EXTENSION = xctest;
			};
			name = Debug;
		};
		C309AF8818039E7A0034558F /* Release */ = {
			isa = XCBuildConfiguration;
			buildSettings = {
				ARCHS = "$(ARCHS_STANDARD_INCLUDING_64_BIT)";
				BUNDLE_LOADER = "$(BUILT_PRODUCTS_DIR)/RouteTest.app/RouteTest";
				FRAMEWORK_SEARCH_PATHS = (
					"$(SDKROOT)/Developer/Library/Frameworks",
					"$(inherited)",
					"$(DEVELOPER_FRAMEWORKS_DIR)",
				);
				GCC_PRECOMPILE_PREFIX_HEADER = YES;
				GCC_PREFIX_HEADER = "RouteTest/RouteTest-Prefix.pch";
				INFOPLIST_FILE = "RouteTestTests/RouteTestTests-Info.plist";
				PRODUCT_NAME = "$(TARGET_NAME)";
				TEST_HOST = "$(BUNDLE_LOADER)";
				WRAPPER_EXTENSION = xctest;
			};
			name = Release;
		};
/* End XCBuildConfiguration section */

/* Begin XCConfigurationList section */
		C309AF5218039E7A0034558F /* Build configuration list for PBXProject "RouteTest" */ = {
			isa = XCConfigurationList;
			buildConfigurations = (
				C309AF8118039E7A0034558F /* Debug */,
				C309AF8218039E7A0034558F /* Release */,
			);
			defaultConfigurationIsVisible = 0;
			defaultConfigurationName = Release;
		};
		C309AF8318039E7A0034558F /* Build configuration list for PBXNativeTarget "RouteTest" */ = {
			isa = XCConfigurationList;
			buildConfigurations = (
				C309AF8418039E7A0034558F /* Debug */,
				C309AF8518039E7A0034558F /* Release */,
			);
			defaultConfigurationIsVisible = 0;
		};
		C309AF8618039E7A0034558F /* Build configuration list for PBXNativeTarget "RouteTestTests" */ = {
			isa = XCConfigurationList;
			buildConfigurations = (
				C309AF8718039E7A0034558F /* Debug */,
				C309AF8818039E7A0034558F /* Release */,
			);
			defaultConfigurationIsVisible = 0;
		};
/* End XCConfigurationList section */
	};
	rootObject = C309AF4F18039E7A0034558F /* Project object */;
}
